<Solution>
  <Folder Name="/src/">
    <Project Path="src/AddressBook.API/AddressBook.API.csproj" />
    <Project Path="src/AddressBook.Application/AddressBook.Application.csproj" />
    <Project Path="src/AddressBook.Domain/AddressBook.Domain.csproj" />
    <Project Path="src/AddressBook.Infrastructure/AddressBook.Infrastructure.csproj" />
  </Folder>
  <Folder Name="/tests/">
    <Project Path="tests/AddressBook.Tests/AddressBook.Tests.csproj" />
  </Folder>
</Solution>
